
Microsoft Visual Studio Solution File, Format Version 12.00
# Visual Studio Version 17
VisualStudioVersion = 17.14.36616.10 d17.14
MinimumVisualStudioVersion = 10.0.40219.1
Project("{FAE04EC0-301F-11D3-BF4B-00C04F79EFBC}") = "SmartTaskApi", "SmartTaskApi.csproj", "{9FBCDA47-BB55-413A-BC4E-7D2B88A13F3F}"
EndProject
Global
	GlobalSection(SolutionConfigurationPlatforms) = preSolution
		Debug|Any CPU = Debug|Any CPU
		Release|Any CPU = Release|Any CPU
	EndGlobalSection
	GlobalSection(ProjectConfigurationPlatforms) = postSolution
		{9FBCDA47-BB55-413A-BC4E-7D2B88A13F3F}.Debug|Any CPU.ActiveCfg = Debug|Any CPU
		{9FBCDA47-BB55-413A-BC4E-7D2B88A13F3F}.Debug|Any CPU.Build.0 = Debug|Any CPU
		{9FBCDA47-BB55-413A-BC4E-7D2B88A13F3F}.Release|Any CPU.ActiveCfg = Release|Any CPU
		{9FBCDA47-BB55-413A-BC4E-7D2B88A13F3F}.Release|Any CPU.Build.0 = Release|Any CPU
	EndGlobalSection
	GlobalSection(SolutionProperties) = preSolution
		HideSolutionNode = FALSE
	EndGlobalSection
	GlobalSection(ExtensibilityGlobals) = postSolution
		SolutionGuid = {B394869E-9126-4F86-8039-DEE86E685A8B}
	EndGlobalSection
EndGlobal
